
Microsoft Visual Studio Solution File, Format Version 12.00
# Visual Studio Version 17
VisualStudioVersion = 17.14.36414.22 d17.14
MinimumVisualStudioVersion = 10.0.40219.1
Project("{FAE04EC0-301F-11D3-BF4B-00C04F79EFBC}") = "Lab 71", "Lab 71\Lab 71.csproj", "{065DC714-4004-45C6-A299-9FA34541BD01}"
EndProject
Global
	GlobalSection(SolutionConfigurationPlatforms) = preSolution
		Debug|Any CPU = Debug|Any CPU
		Release|Any CPU = Release|Any CPU
	EndGlobalSection
	GlobalSection(ProjectConfigurationPlatforms) = postSolution
		{065DC714-4004-45C6-A299-9FA34541BD01}.Debug|Any CPU.ActiveCfg = Debug|Any CPU
		{065DC714-4004-45C6-A299-9FA34541BD01}.Debug|Any CPU.Build.0 = Debug|Any CPU
		{065DC714-4004-45C6-A299-9FA34541BD01}.Release|Any CPU.ActiveCfg = Release|Any CPU
		{065DC714-4004-45C6-A299-9FA34541BD01}.Release|Any CPU.Build.0 = Release|Any CPU
	EndGlobalSection
	GlobalSection(SolutionProperties) = preSolution
		HideSolutionNode = FALSE
	EndGlobalSection
	GlobalSection(ExtensibilityGlobals) = postSolution
		SolutionGuid = {9364E1E9-0B75-4FFB-BF49-D35AC8D0397C}
	EndGlobalSection
EndGlobal
