
Microsoft Visual Studio Solution File, Format Version 12.00
# Visual Studio Version 17
VisualStudioVersion = 17.14.36414.22 d17.14
MinimumVisualStudioVersion = 10.0.40219.1
Project("{FAE04EC0-301F-11D3-BF4B-00C04F79EFBC}") = "Lab 83", "Lab 83\Lab 83.csproj", "{92D7DB27-F7FE-429B-A000-CCD18BEFE83B}"
EndProject
Global
	GlobalSection(SolutionConfigurationPlatforms) = preSolution
		Debug|Any CPU = Debug|Any CPU
		Release|Any CPU = Release|Any CPU
	EndGlobalSection
	GlobalSection(ProjectConfigurationPlatforms) = postSolution
		{92D7DB27-F7FE-429B-A000-CCD18BEFE83B}.Debug|Any CPU.ActiveCfg = Debug|Any CPU
		{92D7DB27-F7FE-429B-A000-CCD18BEFE83B}.Debug|Any CPU.Build.0 = Debug|Any CPU
		{92D7DB27-F7FE-429B-A000-CCD18BEFE83B}.Release|Any CPU.ActiveCfg = Release|Any CPU
		{92D7DB27-F7FE-429B-A000-CCD18BEFE83B}.Release|Any CPU.Build.0 = Release|Any CPU
	EndGlobalSection
	GlobalSection(SolutionProperties) = preSolution
		HideSolutionNode = FALSE
	EndGlobalSection
	GlobalSection(ExtensibilityGlobals) = postSolution
		SolutionGuid = {90F76795-7613-4BFE-9FC0-ABC46853FA32}
	EndGlobalSection
EndGlobal
