
Microsoft Visual Studio Solution File, Format Version 12.00
# Visual Studio Version 17
VisualStudioVersion = 17.14.36414.22 d17.14
MinimumVisualStudioVersion = 10.0.40219.1
Project("{FAE04EC0-301F-11D3-BF4B-00C04F79EFBC}") = "Lab 89", "Lab 89\Lab 89.csproj", "{19FE1310-7CB2-43D4-8A6C-A27E20773071}"
EndProject
Global
	GlobalSection(SolutionConfigurationPlatforms) = preSolution
		Debug|Any CPU = Debug|Any CPU
		Release|Any CPU = Release|Any CPU
	EndGlobalSection
	GlobalSection(ProjectConfigurationPlatforms) = postSolution
		{19FE1310-7CB2-43D4-8A6C-A27E20773071}.Debug|Any CPU.ActiveCfg = Debug|Any CPU
		{19FE1310-7CB2-43D4-8A6C-A27E20773071}.Debug|Any CPU.Build.0 = Debug|Any CPU
		{19FE1310-7CB2-43D4-8A6C-A27E20773071}.Release|Any CPU.ActiveCfg = Release|Any CPU
		{19FE1310-7CB2-43D4-8A6C-A27E20773071}.Release|Any CPU.Build.0 = Release|Any CPU
	EndGlobalSection
	GlobalSection(SolutionProperties) = preSolution
		HideSolutionNode = FALSE
	EndGlobalSection
	GlobalSection(ExtensibilityGlobals) = postSolution
		SolutionGuid = {F8B4C48F-EC4D-43AE-8C62-6178E7B54DB8}
	EndGlobalSection
EndGlobal
