
Microsoft Visual Studio Solution File, Format Version 12.00
# Visual Studio Version 17
VisualStudioVersion = 17.14.36518.9 d17.14
MinimumVisualStudioVersion = 10.0.40219.1
Project("{FAE04EC0-301F-11D3-BF4B-00C04F79EFBC}") = "Lab 154", "Lab 154\Lab 154.csproj", "{72ED3B64-9A2F-44FF-8F17-775ABD2098C5}"
EndProject
Global
	GlobalSection(SolutionConfigurationPlatforms) = preSolution
		Debug|Any CPU = Debug|Any CPU
		Release|Any CPU = Release|Any CPU
	EndGlobalSection
	GlobalSection(ProjectConfigurationPlatforms) = postSolution
		{72ED3B64-9A2F-44FF-8F17-775ABD2098C5}.Debug|Any CPU.ActiveCfg = Debug|Any CPU
		{72ED3B64-9A2F-44FF-8F17-775ABD2098C5}.Debug|Any CPU.Build.0 = Debug|Any CPU
		{72ED3B64-9A2F-44FF-8F17-775ABD2098C5}.Release|Any CPU.ActiveCfg = Release|Any CPU
		{72ED3B64-9A2F-44FF-8F17-775ABD2098C5}.Release|Any CPU.Build.0 = Release|Any CPU
	EndGlobalSection
	GlobalSection(SolutionProperties) = preSolution
		HideSolutionNode = FALSE
	EndGlobalSection
	GlobalSection(ExtensibilityGlobals) = postSolution
		SolutionGuid = {10B4BC25-0DAA-415E-BCD3-837C67554982}
	EndGlobalSection
EndGlobal
