
Microsoft Visual Studio Solution File, Format Version 12.00
# Visual Studio Version 17
VisualStudioVersion = 17.14.36414.22 d17.14
MinimumVisualStudioVersion = 10.0.40219.1
Project("{FAE04EC0-301F-11D3-BF4B-00C04F79EFBC}") = "Lab 91", "Lab 91\Lab 91.csproj", "{9F43FF22-6042-4412-A0BC-E375CD45A291}"
EndProject
Global
	GlobalSection(SolutionConfigurationPlatforms) = preSolution
		Debug|Any CPU = Debug|Any CPU
		Release|Any CPU = Release|Any CPU
	EndGlobalSection
	GlobalSection(ProjectConfigurationPlatforms) = postSolution
		{9F43FF22-6042-4412-A0BC-E375CD45A291}.Debug|Any CPU.ActiveCfg = Debug|Any CPU
		{9F43FF22-6042-4412-A0BC-E375CD45A291}.Debug|Any CPU.Build.0 = Debug|Any CPU
		{9F43FF22-6042-4412-A0BC-E375CD45A291}.Release|Any CPU.ActiveCfg = Release|Any CPU
		{9F43FF22-6042-4412-A0BC-E375CD45A291}.Release|Any CPU.Build.0 = Release|Any CPU
	EndGlobalSection
	GlobalSection(SolutionProperties) = preSolution
		HideSolutionNode = FALSE
	EndGlobalSection
	GlobalSection(ExtensibilityGlobals) = postSolution
		SolutionGuid = {1A851461-E8BD-4BBB-AC57-2045FABC4FB4}
	EndGlobalSection
EndGlobal
