
Microsoft Visual Studio Solution File, Format Version 12.00
# Visual Studio Version 17
VisualStudioVersion = 17.14.36518.9 d17.14
MinimumVisualStudioVersion = 10.0.40219.1
Project("{FAE04EC0-301F-11D3-BF4B-00C04F79EFBC}") = "Lab 16", "Lab 16\Lab 16.csproj", "{663A6D1F-E218-4092-9B06-CA665D07B92B}"
EndProject
Global
	GlobalSection(SolutionConfigurationPlatforms) = preSolution
		Debug|Any CPU = Debug|Any CPU
		Release|Any CPU = Release|Any CPU
	EndGlobalSection
	GlobalSection(ProjectConfigurationPlatforms) = postSolution
		{663A6D1F-E218-4092-9B06-CA665D07B92B}.Debug|Any CPU.ActiveCfg = Debug|Any CPU
		{663A6D1F-E218-4092-9B06-CA665D07B92B}.Debug|Any CPU.Build.0 = Debug|Any CPU
		{663A6D1F-E218-4092-9B06-CA665D07B92B}.Release|Any CPU.ActiveCfg = Release|Any CPU
		{663A6D1F-E218-4092-9B06-CA665D07B92B}.Release|Any CPU.Build.0 = Release|Any CPU
	EndGlobalSection
	GlobalSection(SolutionProperties) = preSolution
		HideSolutionNode = FALSE
	EndGlobalSection
	GlobalSection(ExtensibilityGlobals) = postSolution
		SolutionGuid = {96C3179E-7B2B-43BB-958F-FDBDC5398580}
	EndGlobalSection
EndGlobal
