
Microsoft Visual Studio Solution File, Format Version 12.00
# Visual Studio Version 17
VisualStudioVersion = 17.14.36414.22 d17.14
MinimumVisualStudioVersion = 10.0.40219.1
Project("{FAE04EC0-301F-11D3-BF4B-00C04F79EFBC}") = "Lab 85", "Lab 85\Lab 85.csproj", "{FAD28787-FC62-4038-ACC4-25A3FFB3CF49}"
EndProject
Global
	GlobalSection(SolutionConfigurationPlatforms) = preSolution
		Debug|Any CPU = Debug|Any CPU
		Release|Any CPU = Release|Any CPU
	EndGlobalSection
	GlobalSection(ProjectConfigurationPlatforms) = postSolution
		{FAD28787-FC62-4038-ACC4-25A3FFB3CF49}.Debug|Any CPU.ActiveCfg = Debug|Any CPU
		{FAD28787-FC62-4038-ACC4-25A3FFB3CF49}.Debug|Any CPU.Build.0 = Debug|Any CPU
		{FAD28787-FC62-4038-ACC4-25A3FFB3CF49}.Release|Any CPU.ActiveCfg = Release|Any CPU
		{FAD28787-FC62-4038-ACC4-25A3FFB3CF49}.Release|Any CPU.Build.0 = Release|Any CPU
	EndGlobalSection
	GlobalSection(SolutionProperties) = preSolution
		HideSolutionNode = FALSE
	EndGlobalSection
	GlobalSection(ExtensibilityGlobals) = postSolution
		SolutionGuid = {F3CBEB7E-607C-46CE-AFE2-219F9E17EB35}
	EndGlobalSection
EndGlobal
