
Microsoft Visual Studio Solution File, Format Version 12.00
# Visual Studio Version 17
VisualStudioVersion = 17.14.36414.22 d17.14
MinimumVisualStudioVersion = 10.0.40219.1
Project("{FAE04EC0-301F-11D3-BF4B-00C04F79EFBC}") = "Lab 88", "Lab 88\Lab 88.csproj", "{1E4274E3-FF60-45AD-AE2C-E0341260F359}"
EndProject
Global
	GlobalSection(SolutionConfigurationPlatforms) = preSolution
		Debug|Any CPU = Debug|Any CPU
		Release|Any CPU = Release|Any CPU
	EndGlobalSection
	GlobalSection(ProjectConfigurationPlatforms) = postSolution
		{1E4274E3-FF60-45AD-AE2C-E0341260F359}.Debug|Any CPU.ActiveCfg = Debug|Any CPU
		{1E4274E3-FF60-45AD-AE2C-E0341260F359}.Debug|Any CPU.Build.0 = Debug|Any CPU
		{1E4274E3-FF60-45AD-AE2C-E0341260F359}.Release|Any CPU.ActiveCfg = Release|Any CPU
		{1E4274E3-FF60-45AD-AE2C-E0341260F359}.Release|Any CPU.Build.0 = Release|Any CPU
	EndGlobalSection
	GlobalSection(SolutionProperties) = preSolution
		HideSolutionNode = FALSE
	EndGlobalSection
	GlobalSection(ExtensibilityGlobals) = postSolution
		SolutionGuid = {4666664F-6BAF-4F8B-94AA-0B142D55C368}
	EndGlobalSection
EndGlobal
